
Microsoft Visual Studio Solution File, Format Version 12.00
# Visual Studio Version 17
VisualStudioVersion = 17.8.34309.116
MinimumVisualStudioVersion = 10.0.40219.1
Project("{FAE04EC0-301F-11D3-BF4B-00C04F79EFBC}") = "Recuperatorio_Bauza_404994", "Recuperatorio_Bauza_404994.csproj", "{4D658653-C62E-4899-A6FD-9EEE24FED92C}"
EndProject
Global
	GlobalSection(SolutionConfigurationPlatforms) = preSolution
		Debug|Any CPU = Debug|Any CPU
		Release|Any CPU = Release|Any CPU
	EndGlobalSection
	GlobalSection(ProjectConfigurationPlatforms) = postSolution
		{4D658653-C62E-4899-A6FD-9EEE24FED92C}.Debug|Any CPU.ActiveCfg = Debug|Any CPU
		{4D658653-C62E-4899-A6FD-9EEE24FED92C}.Debug|Any CPU.Build.0 = Debug|Any CPU
		{4D658653-C62E-4899-A6FD-9EEE24FED92C}.Release|Any CPU.ActiveCfg = Release|Any CPU
		{4D658653-C62E-4899-A6FD-9EEE24FED92C}.Release|Any CPU.Build.0 = Release|Any CPU
	EndGlobalSection
	GlobalSection(SolutionProperties) = preSolution
		HideSolutionNode = FALSE
	EndGlobalSection
	GlobalSection(ExtensibilityGlobals) = postSolution
		SolutionGuid = {EFFF8B03-90DC-475C-98D5-B9C686A1E884}
	EndGlobalSection
EndGlobal
